
Microsoft Visual Studio Solution File, Format Version 12.00
Project("{FAE04EC0-301F-11D3-BF4B-00C04F79EFBC}") = "task_3", "task_3\task_3.csproj", "{6A820823-6D45-441E-BC61-96F0B83D1A2B}"
EndProject
Global
	GlobalSection(SolutionConfigurationPlatforms) = preSolution
		Debug|Any CPU = Debug|Any CPU
		Release|Any CPU = Release|Any CPU
	EndGlobalSection
	GlobalSection(ProjectConfigurationPlatforms) = postSolution
		{6A820823-6D45-441E-BC61-96F0B83D1A2B}.Debug|Any CPU.ActiveCfg = Debug|Any CPU
		{6A820823-6D45-441E-BC61-96F0B83D1A2B}.Debug|Any CPU.Build.0 = Debug|Any CPU
		{6A820823-6D45-441E-BC61-96F0B83D1A2B}.Release|Any CPU.ActiveCfg = Release|Any CPU
		{6A820823-6D45-441E-BC61-96F0B83D1A2B}.Release|Any CPU.Build.0 = Release|Any CPU
	EndGlobalSection
EndGlobal
